// !$*UTF8*$!
{
	archiveVersion = 1;
	classes = {
	};
	objectVersion = 46;
	objects = {

/* Begin PBXBuildFile section */
		037DB2C21A890C5F00B96B37 /* AppDelegate.swift in Sources */ = {isa = PBXBuildFile; fileRef = 037DB2C11A890C5F00B96B37 /* AppDelegate.swift */; };
		037DB2C41A890C5F00B96B37 /* ViewController.swift in Sources */ = {isa = PBXBuildFile; fileRef = 037DB2C31A890C5F00B96B37 /* ViewController.swift */; };
		037DB2C71A890C5F00B96B37 /* Main.storyboard in Resources */ = {isa = PBXBuildFile; fileRef = 037DB2C51A890C5F00B96B37 /* Main.storyboard */; };
		037DB2C91A890C5F00B96B37 /* Images.xcassets in Resources */ = {isa = PBXBuildFile; fileRef = 037DB2C81A890C5F00B96B37 /* Images.xcassets */; };
		037DB2CC1A890C5F00B96B37 /* LaunchScreen.xib in Resources */ = {isa = PBXBuildFile; fileRef = 037DB2CA1A890C5F00B96B37 /* LaunchScreen.xib */; };
		037DB2D81A890C5F00B96B37 /* holdGamesTests.swift in Sources */ = {isa = PBXBuildFile; fileRef = 037DB2D71A890C5F00B96B37 /* holdGamesTests.swift */; };
		037DB2E81A89186700B96B37 /* brandsInformationTableTableViewController.swift in Sources */ = {isa = PBXBuildFile; fileRef = 037DB2E71A89186700B96B37 /* brandsInformationTableTableViewController.swift */; };
		037EBECE1A90AB3C00375F9D /* Parse.framework in Frameworks */ = {isa = PBXBuildFile; fileRef = 037EBECD1A90AB3C00375F9D /* Parse.framework */; };
		037EBED01A90AB4700375F9D /* Bolts.framework in Frameworks */ = {isa = PBXBuildFile; fileRef = 037EBECF1A90AB4700375F9D /* Bolts.framework */; };
		037EBED21A90AC3500375F9D /* AudioToolbox.framework in Frameworks */ = {isa = PBXBuildFile; fileRef = 037EBED11A90AC3500375F9D /* AudioToolbox.framework */; };
		037EBED41A90AC3F00375F9D /* CFNetwork.framework in Frameworks */ = {isa = PBXBuildFile; fileRef = 037EBED31A90AC3F00375F9D /* CFNetwork.framework */; };
		037EBED61A90AC4700375F9D /* CoreGraphics.framework in Frameworks */ = {isa = PBXBuildFile; fileRef = 037EBED51A90AC4700375F9D /* CoreGraphics.framework */; };
		037EBED81A90AC4D00375F9D /* CoreLocation.framework in Frameworks */ = {isa = PBXBuildFile; fileRef = 037EBED71A90AC4D00375F9D /* CoreLocation.framework */; };
		037EBEDA1A90AC5A00375F9D /* MobileCoreServices.framework in Frameworks */ = {isa = PBXBuildFile; fileRef = 037EBED91A90AC5A00375F9D /* MobileCoreServices.framework */; };
		037EBEDC1A90AC6100375F9D /* QuartzCore.framework in Frameworks */ = {isa = PBXBuildFile; fileRef = 037EBEDB1A90AC6100375F9D /* QuartzCore.framework */; };
		037EBEDE1A90AC6C00375F9D /* Security.framework in Frameworks */ = {isa = PBXBuildFile; fileRef = 037EBEDD1A90AC6C00375F9D /* Security.framework */; };
		037EBEE01A90AC7200375F9D /* StoreKit.framework in Frameworks */ = {isa = PBXBuildFile; fileRef = 037EBEDF1A90AC7200375F9D /* StoreKit.framework */; };
		037EBEE21A90AC7C00375F9D /* SystemConfiguration.framework in Frameworks */ = {isa = PBXBuildFile; fileRef = 037EBEE11A90AC7C00375F9D /* SystemConfiguration.framework */; };
		037EBEE41A90AC9D00375F9D /* libz.dylib in Frameworks */ = {isa = PBXBuildFile; fileRef = 037EBEE31A90AC9D00375F9D /* libz.dylib */; };
/* End PBXBuildFile section */

/* Begin PBXContainerItemProxy section */
		037DB2D21A890C5F00B96B37 /* PBXContainerItemProxy */ = {
			isa = PBXContainerItemProxy;
			containerPortal = 037DB2B41A890C5F00B96B37 /* Project object */;
			proxyType = 1;
			remoteGlobalIDString = 037DB2BB1A890C5F00B96B37;
			remoteInfo = holdGames;
		};
/* End PBXContainerItemProxy section */

/* Begin PBXFileReference section */
		037DB2BC1A890C5F00B96B37 /* holdGames.app */ = {isa = PBXFileReference; explicitFileType = wrapper.application; includeInIndex = 0; path = holdGames.app; sourceTree = BUILT_PRODUCTS_DIR; };
		037DB2C01A890C5F00B96B37 /* Info.plist */ = {isa = PBXFileReference; lastKnownFileType = text.plist.xml; path = Info.plist; sourceTree = "<group>"; };
		037DB2C11A890C5F00B96B37 /* AppDelegate.swift */ = {isa = PBXFileReference; lastKnownFileType = sourcecode.swift; path = AppDelegate.swift; sourceTree = "<group>"; };
		037DB2C31A890C5F00B96B37 /* ViewController.swift */ = {isa = PBXFileReference; lastKnownFileType = sourcecode.swift; path = ViewController.swift; sourceTree = "<group>"; };
		037DB2C61A890C5F00B96B37 /* Base */ = {isa = PBXFileReference; lastKnownFileType = file.storyboard; name = Base; path = Base.lproj/Main.storyboard; sourceTree = "<group>"; };
		037DB2C81A890C5F00B96B37 /* Images.xcassets */ = {isa = PBXFileReference; lastKnownFileType = folder.assetcatalog; path = Images.xcassets; sourceTree = "<group>"; };
		037DB2CB1A890C5F00B96B37 /* Base */ = {isa = PBXFileReference; lastKnownFileType = file.xib; name = Base; path = Base.lproj/LaunchScreen.xib; sourceTree = "<group>"; };
		037DB2D11A890C5F00B96B37 /* holdGamesTests.xctest */ = {isa = PBXFileReference; explicitFileType = wrapper.cfbundle; includeInIndex = 0; path = holdGamesTests.xctest; sourceTree = BUILT_PRODUCTS_DIR; };
		037DB2D61A890C5F00B96B37 /* Info.plist */ = {isa = PBXFileReference; lastKnownFileType = text.plist.xml; path = Info.plist; sourceTree = "<group>"; };
		037DB2D71A890C5F00B96B37 /* holdGamesTests.swift */ = {isa = PBXFileReference; lastKnownFileType = sourcecode.swift; path = holdGamesTests.swift; sourceTree = "<group>"; };
		037DB2E71A89186700B96B37 /* brandsInformationTableTableViewController.swift */ = {isa = PBXFileReference; fileEncoding = 4; lastKnownFileType = sourcecode.swift; path = brandsInformationTableTableViewController.swift; sourceTree = "<group>"; };
		037EBECD1A90AB3C00375F9D /* Parse.framework */ = {isa = PBXFileReference; lastKnownFileType = wrapper.framework; path = Parse.framework; sourceTree = "<group>"; };
		037EBECF1A90AB4700375F9D /* Bolts.framework */ = {isa = PBXFileReference; lastKnownFileType = wrapper.framework; path = Bolts.framework; sourceTree = "<group>"; };
		037EBED11A90AC3500375F9D /* AudioToolbox.framework */ = {isa = PBXFileReference; lastKnownFileType = wrapper.framework; name = AudioToolbox.framework; path = System/Library/Frameworks/AudioToolbox.framework; sourceTree = SDKROOT; };
		037EBED31A90AC3F00375F9D /* CFNetwork.framework */ = {isa = PBXFileReference; lastKnownFileType = wrapper.framework; name = CFNetwork.framework; path = System/Library/Frameworks/CFNetwork.framework; sourceTree = SDKROOT; };
		037EBED51A90AC4700375F9D /* CoreGraphics.framework */ = {isa = PBXFileReference; lastKnownFileType = wrapper.framework; name = CoreGraphics.framework; path = System/Library/Frameworks/CoreGraphics.framework; sourceTree = SDKROOT; };
		037EBED71A90AC4D00375F9D /* CoreLocation.framework */ = {isa = PBXFileReference; lastKnownFileType = wrapper.framework; name = CoreLocation.framework; path = System/Library/Frameworks/CoreLocation.framework; sourceTree = SDKROOT; };
		037EBED91A90AC5A00375F9D /* MobileCoreServices.framework */ = {isa = PBXFileReference; lastKnownFileType = wrapper.framework; name = MobileCoreServices.framework; path = System/Library/Frameworks/MobileCoreServices.framework; sourceTree = SDKROOT; };
		037EBEDB1A90AC6100375F9D /* QuartzCore.framework */ = {isa = PBXFileReference; lastKnownFileType = wrapper.framework; name = QuartzCore.framework; path = System/Library/Frameworks/QuartzCore.framework; sourceTree = SDKROOT; };
		037EBEDD1A90AC6C00375F9D /* Security.framework */ = {isa = PBXFileReference; lastKnownFileType = wrapper.framework; name = Security.framework; path = System/Library/Frameworks/Security.framework; sourceTree = SDKROOT; };
		037EBEDF1A90AC7200375F9D /* StoreKit.framework */ = {isa = PBXFileReference; lastKnownFileType = wrapper.framework; name = StoreKit.framework; path = System/Library/Frameworks/StoreKit.framework; sourceTree = SDKROOT; };
		037EBEE11A90AC7C00375F9D /* SystemConfiguration.framework */ = {isa = PBXFileReference; lastKnownFileType = wrapper.framework; name = SystemConfiguration.framework; path = System/Library/Frameworks/SystemConfiguration.framework; sourceTree = SDKROOT; };
		037EBEE31A90AC9D00375F9D /* libz.dylib */ = {isa = PBXFileReference; lastKnownFileType = "compiled.mach-o.dylib"; name = libz.dylib; path = usr/lib/libz.dylib; sourceTree = SDKROOT; };
		037EBEE51A90AD7500375F9D /* holdGames-Bridging-Header.h */ = {isa = PBXFileReference; lastKnownFileType = sourcecode.c.h; path = "holdGames-Bridging-Header.h"; sourceTree = "<group>"; };
/* End PBXFileReference section */

/* Begin PBXFrameworksBuildPhase section */
		037DB2B91A890C5F00B96B37 /* Frameworks */ = {
			isa = PBXFrameworksBuildPhase;
			buildActionMask = 2147483647;
			files = (
				037EBEE41A90AC9D00375F9D /* libz.dylib in Frameworks */,
				037EBEE21A90AC7C00375F9D /* SystemConfiguration.framework in Frameworks */,
				037EBEE01A90AC7200375F9D /* StoreKit.framework in Frameworks */,
				037EBEDE1A90AC6C00375F9D /* Security.framework in Frameworks */,
				037EBEDC1A90AC6100375F9D /* QuartzCore.framework in Frameworks */,
				037EBEDA1A90AC5A00375F9D /* MobileCoreServices.framework in Frameworks */,
				037EBED81A90AC4D00375F9D /* CoreLocation.framework in Frameworks */,
				037EBED61A90AC4700375F9D /* CoreGraphics.framework in Frameworks */,
				037EBED41A90AC3F00375F9D /* CFNetwork.framework in Frameworks */,
				037EBED21A90AC3500375F9D /* AudioToolbox.framework in Frameworks */,
				037EBECE1A90AB3C00375F9D /* Parse.framework in Frameworks */,
				037EBED01A90AB4700375F9D /* Bolts.framework in Frameworks */,
			);
			runOnlyForDeploymentPostprocessing = 0;
		};
		037DB2CE1A890C5F00B96B37 /* Frameworks */ = {
			isa = PBXFrameworksBuildPhase;
			buildActionMask = 2147483647;
			files = (
			);
			runOnlyForDeploymentPostprocessing = 0;
		};
/* End PBXFrameworksBuildPhase section */

/* Begin PBXGroup section */
		037DB2B31A890C5F00B96B37 = {
			isa = PBXGroup;
			children = (
				037DB2BE1A890C5F00B96B37 /* holdGames */,
				037DB2D41A890C5F00B96B37 /* holdGamesTests */,
				037DB2BD1A890C5F00B96B37 /* Products */,
			);
			sourceTree = "<group>";
		};
		037DB2BD1A890C5F00B96B37 /* Products */ = {
			isa = PBXGroup;
			children = (
				037DB2BC1A890C5F00B96B37 /* holdGames.app */,
				037DB2D11A890C5F00B96B37 /* holdGamesTests.xctest */,
			);
			name = Products;
			sourceTree = "<group>";
		};
		037DB2BE1A890C5F00B96B37 /* holdGames */ = {
			isa = PBXGroup;
			children = (
				037DB2C51A890C5F00B96B37 /* Main.storyboard */,
				037DB2C11A890C5F00B96B37 /* AppDelegate.swift */,
				037DB2C31A890C5F00B96B37 /* ViewController.swift */,
				037DB2E71A89186700B96B37 /* brandsInformationTableTableViewController.swift */,
				037DB2C81A890C5F00B96B37 /* Images.xcassets */,
				037DB2CA1A890C5F00B96B37 /* LaunchScreen.xib */,
				037DB2BF1A890C5F00B96B37 /* Supporting Files */,
				037EBEE51A90AD7500375F9D /* holdGames-Bridging-Header.h */,
			);
			path = holdGames;
			sourceTree = "<group>";
		};
		037DB2BF1A890C5F00B96B37 /* Supporting Files */ = {
			isa = PBXGroup;
			children = (
				037EBEE31A90AC9D00375F9D /* libz.dylib */,
				037EBEE11A90AC7C00375F9D /* SystemConfiguration.framework */,
				037EBEDF1A90AC7200375F9D /* StoreKit.framework */,
				037EBEDD1A90AC6C00375F9D /* Security.framework */,
				037EBEDB1A90AC6100375F9D /* QuartzCore.framework */,
				037EBED91A90AC5A00375F9D /* MobileCoreServices.framework */,
				037EBED71A90AC4D00375F9D /* CoreLocation.framework */,
				037EBED51A90AC4700375F9D /* CoreGraphics.framework */,
				037EBED31A90AC3F00375F9D /* CFNetwork.framework */,
				037EBED11A90AC3500375F9D /* AudioToolbox.framework */,
				037EBECF1A90AB4700375F9D /* Bolts.framework */,
				037EBECD1A90AB3C00375F9D /* Parse.framework */,
				037DB2C01A890C5F00B96B37 /* Info.plist */,
			);
			name = "Supporting Files";
			sourceTree = "<group>";
		};
		037DB2D41A890C5F00B96B37 /* holdGamesTests */ = {
			isa = PBXGroup;
			children = (
				037DB2D71A890C5F00B96B37 /* holdGamesTests.swift */,
				037DB2D51A890C5F00B96B37 /* Supporting Files */,
			);
			path = holdGamesTests;
			sourceTree = "<group>";
		};
		037DB2D51A890C5F00B96B37 /* Supporting Files */ = {
			isa = PBXGroup;
			children = (
				037DB2D61A890C5F00B96B37 /* Info.plist */,
			);
			name = "Supporting Files";
			sourceTree = "<group>";
		};
/* End PBXGroup section */

/* Begin PBXNativeTarget section */
		037DB2BB1A890C5F00B96B37 /* holdGames */ = {
			isa = PBXNativeTarget;
			buildConfigurationList = 037DB2DB1A890C5F00B96B37 /* Build configuration list for PBXNativeTarget "holdGames" */;
			buildPhases = (
				037DB2B81A890C5F00B96B37 /* Sources */,
				037DB2B91A890C5F00B96B37 /* Frameworks */,
				037DB2BA1A890C5F00B96B37 /* Resources */,
			);
			buildRules = (
			);
			dependencies = (
			);
			name = holdGames;
			productName = holdGames;
			productReference = 037DB2BC1A890C5F00B96B37 /* holdGames.app */;
			productType = "com.apple.product-type.application";
		};
		037DB2D01A890C5F00B96B37 /* holdGamesTests */ = {
			isa = PBXNativeTarget;
			buildConfigurationList = 037DB2DE1A890C5F00B96B37 /* Build configuration list for PBXNativeTarget "holdGamesTests" */;
			buildPhases = (
				037DB2CD1A890C5F00B96B37 /* Sources */,
				037DB2CE1A890C5F00B96B37 /* Frameworks */,
				037DB2CF1A890C5F00B96B37 /* Resources */,
			);
			buildRules = (
			);
			dependencies = (
				037DB2D31A890C5F00B96B37 /* PBXTargetDependency */,
			);
			name = holdGamesTests;
			productName = holdGamesTests;
			productReference = 037DB2D11A890C5F00B96B37 /* holdGamesTests.xctest */;
			productType = "com.apple.product-type.bundle.unit-test";
		};
/* End PBXNativeTarget section */

/* Begin PBXProject section */
		037DB2B41A890C5F00B96B37 /* Project object */ = {
			isa = PBXProject;
			attributes = {
				LastUpgradeCheck = 0610;
				ORGANIZATIONNAME = "daylon wel";
				TargetAttributes = {
					037DB2BB1A890C5F00B96B37 = {
						CreatedOnToolsVersion = 6.1.1;
					};
					037DB2D01A890C5F00B96B37 = {
						CreatedOnToolsVersion = 6.1.1;
						TestTargetID = 037DB2BB1A890C5F00B96B37;
					};
				};
			};
			buildConfigurationList = 037DB2B71A890C5F00B96B37 /* Build configuration list for PBXProject "holdGames" */;
			compatibilityVersion = "Xcode 3.2";
			developmentRegion = English;
			hasScannedForEncodings = 0;
			knownRegions = (
				en,
				Base,
			);
			mainGroup = 037DB2B31A890C5F00B96B37;
			productRefGroup = 037DB2BD1A890C5F00B96B37 /* Products */;
			projectDirPath = "";
			projectRoot = "";
			targets = (
				037DB2BB1A890C5F00B96B37 /* holdGames */,
				037DB2D01A890C5F00B96B37 /* holdGamesTests */,
			);
		};
/* End PBXProject section */

/* Begin PBXResourcesBuildPhase section */
		037DB2BA1A890C5F00B96B37 /* Resources */ = {
			isa = PBXResourcesBuildPhase;
			buildActionMask = 2147483647;
			files = (
				037DB2C71A890C5F00B96B37 /* Main.storyboard in Resources */,
				037DB2CC1A890C5F00B96B37 /* LaunchScreen.xib in Resources */,
				037DB2C91A890C5F00B96B37 /* Images.xcassets in Resources */,
			);
			runOnlyForDeploymentPostprocessing = 0;
		};
		037DB2CF1A890C5F00B96B37 /* Resources */ = {
			isa = PBXResourcesBuildPhase;
			buildActionMask = 2147483647;
			files = (
			);
			runOnlyForDeploymentPostprocessing = 0;
		};
/* End PBXResourcesBuildPhase section */

/* Begin PBXSourcesBuildPhase section */
		037DB2B81A890C5F00B96B37 /* Sources */ = {
			isa = PBXSourcesBuildPhase;
			buildActionMask = 2147483647;
			files = (
				037DB2C41A890C5F00B96B37 /* ViewController.swift in Sources */,
				037DB2E81A89186700B96B37 /* brandsInformationTableTableViewController.swift in Sources */,
				037DB2C21A890C5F00B96B37 /* AppDelegate.swift in Sources */,
			);
			runOnlyForDeploymentPostprocessing = 0;
		};
		037DB2CD1A890C5F00B96B37 /* Sources */ = {
			isa = PBXSourcesBuildPhase;
			buildActionMask = 2147483647;
			files = (
				037DB2D81A890C5F00B96B37 /* holdGamesTests.swift in Sources */,
			);
			runOnlyForDeploymentPostprocessing = 0;
		};
/* End PBXSourcesBuildPhase section */

/* Begin PBXTargetDependency section */
		037DB2D31A890C5F00B96B37 /* PBXTargetDependency */ = {
			isa = PBXTargetDependency;
			target = 037DB2BB1A890C5F00B96B37 /* holdGames */;
			targetProxy = 037DB2D21A890C5F00B96B37 /* PBXContainerItemProxy */;
		};
/* End PBXTargetDependency section */

/* Begin PBXVariantGroup section */
		037DB2C51A890C5F00B96B37 /* Main.storyboard */ = {
			isa = PBXVariantGroup;
			children = (
				037DB2C61A890C5F00B96B37 /* Base */,
			);
			name = Main.storyboard;
			sourceTree = "<group>";
		};
		037DB2CA1A890C5F00B96B37 /* LaunchScreen.xib */ = {
			isa = PBXVariantGroup;
			children = (
				037DB2CB1A890C5F00B96B37 /* Base */,
			);
			name = LaunchScreen.xib;
			sourceTree = "<group>";
		};
/* End PBXVariantGroup section */

/* Begin XCBuildConfiguration section */
		037DB2D91A890C5F00B96B37 /* Debug */ = {
			isa = XCBuildConfiguration;
			buildSettings = {
				ALWAYS_SEARCH_USER_PATHS = NO;
				CLANG_CXX_LANGUAGE_STANDARD = "gnu++0x";
				CLANG_CXX_LIBRARY = "libc++";
				CLANG_ENABLE_MODULES = YES;
				CLANG_ENABLE_OBJC_ARC = YES;
				CLANG_WARN_BOOL_CONVERSION = YES;
				CLANG_WARN_CONSTANT_CONVERSION = YES;
				CLANG_WARN_DIRECT_OBJC_ISA_USAGE = YES_ERROR;
				CLANG_WARN_EMPTY_BODY = YES;
				CLANG_WARN_ENUM_CONVERSION = YES;
				CLANG_WARN_INT_CONVERSION = YES;
				CLANG_WARN_OBJC_ROOT_CLASS = YES_ERROR;
				CLANG_WARN_UNREACHABLE_CODE = YES;
				CLANG_WARN__DUPLICATE_METHOD_MATCH = YES;
				"CODE_SIGN_IDENTITY[sdk=iphoneos*]" = "iPhone Developer";
				COPY_PHASE_STRIP = NO;
				ENABLE_STRICT_OBJC_MSGSEND = YES;
				GCC_C_LANGUAGE_STANDARD = gnu99;
				GCC_DYNAMIC_NO_PIC = NO;
				GCC_OPTIMIZATION_LEVEL = 0;
				GCC_PREPROCESSOR_DEFINITIONS = (
					"DEBUG=1",
					"$(inherited)",
				);
				GCC_SYMBOLS_PRIVATE_EXTERN = NO;
				GCC_WARN_64_TO_32_BIT_CONVERSION = YES;
				GCC_WARN_ABOUT_RETURN_TYPE = YES_ERROR;
				GCC_WARN_UNDECLARED_SELECTOR = YES;
				GCC_WARN_UNINITIALIZED_AUTOS = YES_AGGRESSIVE;
				GCC_WARN_UNUSED_FUNCTION = YES;
				GCC_WARN_UNUSED_VARIABLE = YES;
				IPHONEOS_DEPLOYMENT_TARGET = 8.1;
				MTL_ENABLE_DEBUG_INFO = YES;
				ONLY_ACTIVE_ARCH = YES;
				SDKROOT = iphoneos;
				SWIFT_OPTIMIZATION_LEVEL = "-Onone";
			};
			name = Debug;
		};
		037DB2DA1A890C5F00B96B37 /* Release */ = {
			isa = XCBuildConfiguration;
			buildSettings = {
				ALWAYS_SEARCH_USER_PATHS = NO;
				CLANG_CXX_LANGUAGE_STANDARD = "gnu++0x";
				CLANG_CXX_LIBRARY = "libc++";
				CLANG_ENABLE_MODULES = YES;
				CLANG_ENABLE_OBJC_ARC = YES;
				CLANG_WARN_BOOL_CONVERSION = YES;
				CLANG_WARN_CONSTANT_CONVERSION = YES;
				CLANG_WARN_DIRECT_OBJC_ISA_USAGE = YES_ERROR;
				CLANG_WARN_EMPTY_BODY = YES;
				CLANG_WARN_ENUM_CONVERSION = YES;
				CLANG_WARN_INT_CONVERSION = YES;
				CLANG_WARN_OBJC_ROOT_CLASS = YES_ERROR;
				CLANG_WARN_UNREACHABLE_CODE = YES;
				CLANG_WARN__DUPLICATE_METHOD_MATCH = YES;
				"CODE_SIGN_IDENTITY[sdk=iphoneos*]" = "iPhone Developer";
				COPY_PHASE_STRIP = YES;
				ENABLE_NS_ASSERTIONS = NO;
				ENABLE_STRICT_OBJC_MSGSEND = YES;
				GCC_C_LANGUAGE_STANDARD = gnu99;
				GCC_WARN_64_TO_32_BIT_CONVERSION = YES;
				GCC_WARN_ABOUT_RETURN_TYPE = YES_ERROR;
				GCC_WARN_UNDECLARED_SELECTOR = YES;
				GCC_WARN_UNINITIALIZED_AUTOS = YES_AGGRESSIVE;
				GCC_WARN_UNUSED_FUNCTION = YES;
				GCC_WARN_UNUSED_VARIABLE = YES;
				IPHONEOS_DEPLOYMENT_TARGET = 8.1;
				MTL_ENABLE_DEBUG_INFO = NO;
				SDKROOT = iphoneos;
				VALIDATE_PRODUCT = YES;
			};
			name = Release;
		};
		037DB2DC1A890C5F00B96B37 /* Debug */ = {
			isa = XCBuildConfiguration;
			buildSettings = {
				ASSETCATALOG_COMPILER_APPICON_NAME = AppIcon;
				CLANG_ENABLE_MODULES = YES;
				FRAMEWORK_SEARCH_PATHS = (
					"$(inherited)",
					"$(PROJECT_DIR)/holdGames",
				);
				INFOPLIST_FILE = holdGames/Info.plist;
				LD_RUNPATH_SEARCH_PATHS = "$(inherited) @executable_path/Frameworks";
				PRODUCT_NAME = "$(TARGET_NAME)";
				SWIFT_OBJC_BRIDGING_HEADER = "holdGames/holdGames-Bridging-Header.h";
				SWIFT_OPTIMIZATION_LEVEL = "-Onone";
			};
			name = Debug;
		};
		037DB2DD1A890C5F00B96B37 /* Release */ = {
			isa = XCBuildConfiguration;
			buildSettings = {
				ASSETCATALOG_COMPILER_APPICON_NAME = AppIcon;
				CLANG_ENABLE_MODULES = YES;
				FRAMEWORK_SEARCH_PATHS = (
					"$(inherited)",
					"$(PROJECT_DIR)/holdGames",
				);
				INFOPLIST_FILE = holdGames/Info.plist;
				LD_RUNPATH_SEARCH_PATHS = "$(inherited) @executable_path/Frameworks";
				PRODUCT_NAME = "$(TARGET_NAME)";
				SWIFT_OBJC_BRIDGING_HEADER = "holdGames/holdGames-Bridging-Header.h";
			};
			name = Release;
		};
		037DB2DF1A890C5F00B96B37 /* Debug */ = {
			isa = XCBuildConfiguration;
			buildSettings = {
				BUNDLE_LOADER = "$(TEST_HOST)";
				FRAMEWORK_SEARCH_PATHS = (
					"$(SDKROOT)/Developer/Library/Frameworks",
					"$(inherited)",
				);
				GCC_PREPROCESSOR_DEFINITIONS = (
					"DEBUG=1",
					"$(inherited)",
				);
				INFOPLIST_FILE = holdGamesTests/Info.plist;
				LD_RUNPATH_SEARCH_PATHS = "$(inherited) @executable_path/Frameworks @loader_path/Frameworks";
				PRODUCT_NAME = "$(TARGET_NAME)";
				TEST_HOST = "$(BUILT_PRODUCTS_DIR)/holdGames.app/holdGames";
			};
			name = Debug;
		};
		037DB2E01A890C5F00B96B37 /* Release */ = {
			isa = XCBuildConfiguration;
			buildSettings = {
				BUNDLE_LOADER = "$(TEST_HOST)";
				FRAMEWORK_SEARCH_PATHS = (
					"$(SDKROOT)/Developer/Library/Frameworks",
					"$(inherited)",
				);
				INFOPLIST_FILE = holdGamesTests/Info.plist;
				LD_RUNPATH_SEARCH_PATHS = "$(inherited) @executable_path/Frameworks @loader_path/Frameworks";
				PRODUCT_NAME = "$(TARGET_NAME)";
				TEST_HOST = "$(BUILT_PRODUCTS_DIR)/holdGames.app/holdGames";
			};
			name = Release;
		};
/* End XCBuildConfiguration section */

/* Begin XCConfigurationList section */
		037DB2B71A890C5F00B96B37 /* Build configuration list for PBXProject "holdGames" */ = {
			isa = XCConfigurationList;
			buildConfigurations = (
				037DB2D91A890C5F00B96B37 /* Debug */,
				037DB2DA1A890C5F00B96B37 /* Release */,
			);
			defaultConfigurationIsVisible = 0;
			defaultConfigurationName = Release;
		};
		037DB2DB1A890C5F00B96B37 /* Build configuration list for PBXNativeTarget "holdGames" */ = {
			isa = XCConfigurationList;
			buildConfigurations = (
				037DB2DC1A890C5F00B96B37 /* Debug */,
				037DB2DD1A890C5F00B96B37 /* Release */,
			);
			defaultConfigurationIsVisible = 0;
			defaultConfigurationName = Release;
		};
		037DB2DE1A890C5F00B96B37 /* Build configuration list for PBXNativeTarget "holdGamesTests" */ = {
			isa = XCConfigurationList;
			buildConfigurations = (
				037DB2DF1A890C5F00B96B37 /* Debug */,
				037DB2E01A890C5F00B96B37 /* Release */,
			);
			defaultConfigurationIsVisible = 0;
			defaultConfigurationName = Release;
		};
/* End XCConfigurationList section */
	};
	rootObject = 037DB2B41A890C5F00B96B37 /* Project object */;
}
